<?xml version="1.0" encoding="utf-8"?>
<Project ToolsVersion="4.0" xmlns="http://schemas.microsoft.com/developer/msbuild/2003">
  <ItemGroup>
    <Filter Include="App">
      <UniqueIdentifier>{5065862b-af9b-4bd9-8388-77155ef5c1eb}</UniqueIdentifier>
    </Filter>
    <Filter Include="GameEngine">
      <UniqueIdentifier>{f864b1a5-6f54-45ce-aadf-32128e772212}</UniqueIdentifier>
    </Filter>
    <Filter Include="GameEngine\WindowSystem">
      <UniqueIdentifier>{3cd78f53-0590-4b11-b470-80d8f9b94e2c}</UniqueIdentifier>
    </Filter>
    <Filter Include="GameEngine\GraphicsEngine">
      <UniqueIdentifier>{6ed88be6-5a6a-4809-940c-2938d0656f24}</UniqueIdentifier>
    </Filter>
    <Filter Include="GameEngine\GraphicsEngine\SwapChain">
      <UniqueIdentifier>{6fe5dd37-9d97-4745-bcc0-7fb4258b2061}</UniqueIdentifier>
    </Filter>
    <Filter Include="GameEngine\GraphicsEngine\DeviceContext">
      <UniqueIdentifier>{e51db12b-0f80-41f0-8760-39ba6d5ff5c8}</UniqueIdentifier>
    </Filter>
  </ItemGroup>
  <ItemGroup>
    <ClCompile Include="main.cpp">
      <Filter>App</Filter>
    </ClCompile>
    <ClCompile Include="AppWindow.cpp">
      <Filter>App</Filter>
    </ClCompile>
    <ClCompile Include="Window.cpp">
      <Filter>GameEngine\WindowSystem</Filter>
    </ClCompile>
    <ClCompile Include="GraphEng.cpp">
      <Filter>GameEngine\GraphicsEngine</Filter>
    </ClCompile>
    <ClCompile Include="SwapChain.cpp">
      <Filter>GameEngine\GraphicsEngine\SwapChain</Filter>
    </ClCompile>
    <ClCompile Include="DeviceContext.cpp">
      <Filter>GameEngine\GraphicsEngine\DeviceContext</Filter>
    </ClCompile>
  </ItemGroup>
  <ItemGroup>
    <ClInclude Include="AppWindow.h">
      <Filter>App</Filter>
    </ClInclude>
    <ClInclude Include="Window.h">
      <Filter>GameEngine\WindowSystem</Filter>
    </ClInclude>
    <ClInclude Include="GraphEng.h">
      <Filter>GameEngine\GraphicsEngine</Filter>
    </ClInclude>
    <ClInclude Include="SwapChain.h">
      <Filter>GameEngine\GraphicsEngine\SwapChain</Filter>
    </ClInclude>
    <ClInclude Include="DeviceContext.h">
      <Filter>GameEngine\GraphicsEngine\DeviceContext</Filter>
    </ClInclude>
  </ItemGroup>
</Project>